// !$*UTF8*$!
{
	archiveVersion = 1;
	classes = {
	};
	objectVersion = 48;
	objects = {

/* Begin PBXBuildFile section */
		602B2CF91FE2CB7600F88980 /* AppDelegate.swift in Sources */ = {isa = PBXBuildFile; fileRef = 602B2CF81FE2CB7600F88980 /* AppDelegate.swift */; };
		602B2CFB1FE2CB7700F88980 /* ViewController.swift in Sources */ = {isa = PBXBuildFile; fileRef = 602B2CFA1FE2CB7700F88980 /* ViewController.swift */; };
		602B2CFE1FE2CB7700F88980 /* Main.storyboard in Resources */ = {isa = PBXBuildFile; fileRef = 602B2CFC1FE2CB7700F88980 /* Main.storyboard */; };
		602B2D001FE2CB7800F88980 /* Assets.xcassets in Resources */ = {isa = PBXBuildFile; fileRef = 602B2CFF1FE2CB7800F88980 /* Assets.xcassets */; };
		602B2D031FE2CB7900F88980 /* LaunchScreen.storyboard in Resources */ = {isa = PBXBuildFile; fileRef = 602B2D011FE2CB7900F88980 /* LaunchScreen.storyboard */; };
		602B2D0E1FE2CB8F00F88980 /* JetAppTests.swift in Sources */ = {isa = PBXBuildFile; fileRef = 602B2D0D1FE2CB8F00F88980 /* JetAppTests.swift */; };
		602B2D191FE2CB9200F88980 /* JetAppUITests.swift in Sources */ = {isa = PBXBuildFile; fileRef = 602B2D181FE2CB9200F88980 /* JetAppUITests.swift */; };
/* End PBXBuildFile section */

/* Begin PBXContainerItemProxy section */
		602B2D0A1FE2CB8E00F88980 /* PBXContainerItemProxy */ = {
			isa = PBXContainerItemProxy;
			containerPortal = 602B2CED1FE2CB7300F88980 /* Project object */;
			proxyType = 1;
			remoteGlobalIDString = 602B2CF41FE2CB7400F88980;
			remoteInfo = JetApp;
		};
		602B2D151FE2CB9000F88980 /* PBXContainerItemProxy */ = {
			isa = PBXContainerItemProxy;
			containerPortal = 602B2CED1FE2CB7300F88980 /* Project object */;
			proxyType = 1;
			remoteGlobalIDString = 602B2CF41FE2CB7400F88980;
			remoteInfo = JetApp;
		};
/* End PBXContainerItemProxy section */

/* Begin PBXFileReference section */
		602B2CF51FE2CB7500F88980 /* JetApp.app */ = {isa = PBXFileReference; explicitFileType = wrapper.application; includeInIndex = 0; path = JetApp.app; sourceTree = BUILT_PRODUCTS_DIR; };
		602B2CF81FE2CB7600F88980 /* AppDelegate.swift */ = {isa = PBXFileReference; lastKnownFileType = sourcecode.swift; path = AppDelegate.swift; sourceTree = "<group>"; };
		602B2CFA1FE2CB7700F88980 /* ViewController.swift */ = {isa = PBXFileReference; lastKnownFileType = sourcecode.swift; path = ViewController.swift; sourceTree = "<group>"; };
		602B2CFD1FE2CB7700F88980 /* Base */ = {isa = PBXFileReference; lastKnownFileType = file.storyboard; name = Base; path = Base.lproj/Main.storyboard; sourceTree = "<group>"; };
		602B2CFF1FE2CB7800F88980 /* Assets.xcassets */ = {isa = PBXFileReference; lastKnownFileType = folder.assetcatalog; path = Assets.xcassets; sourceTree = "<group>"; };
		602B2D021FE2CB7900F88980 /* Base */ = {isa = PBXFileReference; lastKnownFileType = file.storyboard; name = Base; path = Base.lproj/LaunchScreen.storyboard; sourceTree = "<group>"; };
		602B2D041FE2CB7900F88980 /* Info.plist */ = {isa = PBXFileReference; lastKnownFileType = text.plist.xml; path = Info.plist; sourceTree = "<group>"; };
		602B2D091FE2CB8E00F88980 /* JetAppTests.xctest */ = {isa = PBXFileReference; explicitFileType = wrapper.cfbundle; includeInIndex = 0; path = JetAppTests.xctest; sourceTree = BUILT_PRODUCTS_DIR; };
		602B2D0D1FE2CB8F00F88980 /* JetAppTests.swift */ = {isa = PBXFileReference; lastKnownFileType = sourcecode.swift; path = JetAppTests.swift; sourceTree = "<group>"; };
		602B2D0F1FE2CB9000F88980 /* Info.plist */ = {isa = PBXFileReference; lastKnownFileType = text.plist.xml; path = Info.plist; sourceTree = "<group>"; };
		602B2D141FE2CB9000F88980 /* JetAppUITests.xctest */ = {isa = PBXFileReference; explicitFileType = wrapper.cfbundle; includeInIndex = 0; path = JetAppUITests.xctest; sourceTree = BUILT_PRODUCTS_DIR; };
		602B2D181FE2CB9200F88980 /* JetAppUITests.swift */ = {isa = PBXFileReference; lastKnownFileType = sourcecode.swift; path = JetAppUITests.swift; sourceTree = "<group>"; };
		602B2D1A1FE2CB9200F88980 /* Info.plist */ = {isa = PBXFileReference; lastKnownFileType = text.plist.xml; path = Info.plist; sourceTree = "<group>"; };
/* End PBXFileReference section */

/* Begin PBXFrameworksBuildPhase section */
		602B2CF21FE2CB7400F88980 /* Frameworks */ = {
			isa = PBXFrameworksBuildPhase;
			buildActionMask = 2147483647;
			files = (
			);
			runOnlyForDeploymentPostprocessing = 0;
		};
		602B2D061FE2CB8E00F88980 /* Frameworks */ = {
			isa = PBXFrameworksBuildPhase;
			buildActionMask = 2147483647;
			files = (
			);
			runOnlyForDeploymentPostprocessing = 0;
		};
		602B2D111FE2CB9000F88980 /* Frameworks */ = {
			isa = PBXFrameworksBuildPhase;
			buildActionMask = 2147483647;
			files = (
			);
			runOnlyForDeploymentPostprocessing = 0;
		};
/* End PBXFrameworksBuildPhase section */

/* Begin PBXGroup section */
		602B2CEC1FE2CB7300F88980 = {
			isa = PBXGroup;
			children = (
				602B2CF71FE2CB7500F88980 /* JetApp */,
				602B2D0C1FE2CB8E00F88980 /* JetAppTests */,
				602B2D171FE2CB9000F88980 /* JetAppUITests */,
				602B2CF61FE2CB7500F88980 /* Products */,
			);
			sourceTree = "<group>";
		};
		602B2CF61FE2CB7500F88980 /* Products */ = {
			isa = PBXGroup;
			children = (
				602B2CF51FE2CB7500F88980 /* JetApp.app */,
				602B2D091FE2CB8E00F88980 /* JetAppTests.xctest */,
				602B2D141FE2CB9000F88980 /* JetAppUITests.xctest */,
			);
			name = Products;
			sourceTree = "<group>";
		};
		602B2CF71FE2CB7500F88980 /* JetApp */ = {
			isa = PBXGroup;
			children = (
				602B2CF81FE2CB7600F88980 /* AppDelegate.swift */,
				602B2CFA1FE2CB7700F88980 /* ViewController.swift */,
				602B2CFC1FE2CB7700F88980 /* Main.storyboard */,
				602B2CFF1FE2CB7800F88980 /* Assets.xcassets */,
				602B2D011FE2CB7900F88980 /* LaunchScreen.storyboard */,
				602B2D041FE2CB7900F88980 /* Info.plist */,
			);
			path = JetApp;
			sourceTree = "<group>";
		};
		602B2D0C1FE2CB8E00F88980 /* JetAppTests */ = {
			isa = PBXGroup;
			children = (
				602B2D0D1FE2CB8F00F88980 /* JetAppTests.swift */,
				602B2D0F1FE2CB9000F88980 /* Info.plist */,
			);
			path = JetAppTests;
			sourceTree = "<group>";
		};
		602B2D171FE2CB9000F88980 /* JetAppUITests */ = {
			isa = PBXGroup;
			children = (
				602B2D181FE2CB9200F88980 /* JetAppUITests.swift */,
				602B2D1A1FE2CB9200F88980 /* Info.plist */,
			);
			path = JetAppUITests;
			sourceTree = "<group>";
		};
/* End PBXGroup section */

/* Begin PBXNativeTarget section */
		602B2CF41FE2CB7400F88980 /* JetApp */ = {
			isa = PBXNativeTarget;
			buildConfigurationList = 602B2D1D1FE2CB9200F88980 /* Build configuration list for PBXNativeTarget "JetApp" */;
			buildPhases = (
				602B2CF11FE2CB7400F88980 /* Sources */,
				602B2CF21FE2CB7400F88980 /* Frameworks */,
				602B2CF31FE2CB7400F88980 /* Resources */,
			);
			buildRules = (
			);
			dependencies = (
			);
			name = JetApp;
			productName = JetApp;
			productReference = 602B2CF51FE2CB7500F88980 /* JetApp.app */;
			productType = "com.apple.product-type.application";
		};
		602B2D081FE2CB8E00F88980 /* JetAppTests */ = {
			isa = PBXNativeTarget;
			buildConfigurationList = 602B2D201FE2CB9200F88980 /* Build configuration list for PBXNativeTarget "JetAppTests" */;
			buildPhases = (
				602B2D051FE2CB8E00F88980 /* Sources */,
				602B2D061FE2CB8E00F88980 /* Frameworks */,
				602B2D071FE2CB8E00F88980 /* Resources */,
			);
			buildRules = (
			);
			dependencies = (
				602B2D0B1FE2CB8E00F88980 /* PBXTargetDependency */,
			);
			name = JetAppTests;
			productName = JetAppTests;
			productReference = 602B2D091FE2CB8E00F88980 /* JetAppTests.xctest */;
			productType = "com.apple.product-type.bundle.unit-test";
		};
		602B2D131FE2CB9000F88980 /* JetAppUITests */ = {
			isa = PBXNativeTarget;
			buildConfigurationList = 602B2D231FE2CB9200F88980 /* Build configuration list for PBXNativeTarget "JetAppUITests" */;
			buildPhases = (
				602B2D101FE2CB9000F88980 /* Sources */,
				602B2D111FE2CB9000F88980 /* Frameworks */,
				602B2D121FE2CB9000F88980 /* Resources */,
			);
			buildRules = (
			);
			dependencies = (
				602B2D161FE2CB9000F88980 /* PBXTargetDependency */,
			);
			name = JetAppUITests;
			productName = JetAppUITests;
			productReference = 602B2D141FE2CB9000F88980 /* JetAppUITests.xctest */;
			productType = "com.apple.product-type.bundle.ui-testing";
		};
/* End PBXNativeTarget section */

/* Begin PBXProject section */
		602B2CED1FE2CB7300F88980 /* Project object */ = {
			isa = PBXProject;
			attributes = {
				LastSwiftUpdateCheck = 0920;
				LastUpgradeCheck = 0920;
				ORGANIZATIONNAME = "Jet van den Berg";
				TargetAttributes = {
					602B2CF41FE2CB7400F88980 = {
						CreatedOnToolsVersion = 9.2;
						ProvisioningStyle = Automatic;
					};
					602B2D081FE2CB8E00F88980 = {
						CreatedOnToolsVersion = 9.2;
						ProvisioningStyle = Automatic;
						TestTargetID = 602B2CF41FE2CB7400F88980;
					};
					602B2D131FE2CB9000F88980 = {
						CreatedOnToolsVersion = 9.2;
						ProvisioningStyle = Automatic;
						TestTargetID = 602B2CF41FE2CB7400F88980;
					};
				};
			};
			buildConfigurationList = 602B2CF01FE2CB7300F88980 /* Build configuration list for PBXProject "JetApp" */;
			compatibilityVersion = "Xcode 8.0";
			developmentRegion = en;
			hasScannedForEncodings = 0;
			knownRegions = (
				en,
				Base,
			);
			mainGroup = 602B2CEC1FE2CB7300F88980;
			productRefGroup = 602B2CF61FE2CB7500F88980 /* Products */;
			projectDirPath = "";
			projectRoot = "";
			targets = (
				602B2CF41FE2CB7400F88980 /* JetApp */,
				602B2D081FE2CB8E00F88980 /* JetAppTests */,
				602B2D131FE2CB9000F88980 /* JetAppUITests */,
			);
		};
/* End PBXProject section */

/* Begin PBXResourcesBuildPhase section */
		602B2CF31FE2CB7400F88980 /* Resources */ = {
			isa = PBXResourcesBuildPhase;
			buildActionMask = 2147483647;
			files = (
				602B2D031FE2CB7900F88980 /* LaunchScreen.storyboard in Resources */,
				602B2D001FE2CB7800F88980 /* Assets.xcassets in Resources */,
				602B2CFE1FE2CB7700F88980 /* Main.storyboard in Resources */,
			);
			runOnlyForDeploymentPostprocessing = 0;
		};
		602B2D071FE2CB8E00F88980 /* Resources */ = {
			isa = PBXResourcesBuildPhase;
			buildActionMask = 2147483647;
			files = (
			);
			runOnlyForDeploymentPostprocessing = 0;
		};
		602B2D121FE2CB9000F88980 /* Resources */ = {
			isa = PBXResourcesBuildPhase;
			buildActionMask = 2147483647;
			files = (
			);
			runOnlyForDeploymentPostprocessing = 0;
		};
/* End PBXResourcesBuildPhase section */

/* Begin PBXSourcesBuildPhase section */
		602B2CF11FE2CB7400F88980 /* Sources */ = {
			isa = PBXSourcesBuildPhase;
			buildActionMask = 2147483647;
			files = (
				602B2CFB1FE2CB7700F88980 /* ViewController.swift in Sources */,
				602B2CF91FE2CB7600F88980 /* AppDelegate.swift in Sources */,
			);
			runOnlyForDeploymentPostprocessing = 0;
		};
		602B2D051FE2CB8E00F88980 /* Sources */ = {
			isa = PBXSourcesBuildPhase;
			buildActionMask = 2147483647;
			files = (
				602B2D0E1FE2CB8F00F88980 /* JetAppTests.swift in Sources */,
			);
			runOnlyForDeploymentPostprocessing = 0;
		};
		602B2D101FE2CB9000F88980 /* Sources */ = {
			isa = PBXSourcesBuildPhase;
			buildActionMask = 2147483647;
			files = (
				602B2D191FE2CB9200F88980 /* JetAppUITests.swift in Sources */,
			);
			runOnlyForDeploymentPostprocessing = 0;
		};
/* End PBXSourcesBuildPhase section */

/* Begin PBXTargetDependency section */
		602B2D0B1FE2CB8E00F88980 /* PBXTargetDependency */ = {
			isa = PBXTargetDependency;
			target = 602B2CF41FE2CB7400F88980 /* JetApp */;
			targetProxy = 602B2D0A1FE2CB8E00F88980 /* PBXContainerItemProxy */;
		};
		602B2D161FE2CB9000F88980 /* PBXTargetDependency */ = {
			isa = PBXTargetDependency;
			target = 602B2CF41FE2CB7400F88980 /* JetApp */;
			targetProxy = 602B2D151FE2CB9000F88980 /* PBXContainerItemProxy */;
		};
/* End PBXTargetDependency section */

/* Begin PBXVariantGroup section */
		602B2CFC1FE2CB7700F88980 /* Main.storyboard */ = {
			isa = PBXVariantGroup;
			children = (
				602B2CFD1FE2CB7700F88980 /* Base */,
			);
			name = Main.storyboard;
			sourceTree = "<group>";
		};
		602B2D011FE2CB7900F88980 /* LaunchScreen.storyboard */ = {
			isa = PBXVariantGroup;
			children = (
				602B2D021FE2CB7900F88980 /* Base */,
			);
			name = LaunchScreen.storyboard;
			sourceTree = "<group>";
		};
/* End PBXVariantGroup section */

/* Begin XCBuildConfiguration section */
		602B2D1B1FE2CB9200F88980 /* Debug */ = {
			isa = XCBuildConfiguration;
			buildSettings = {
				ALWAYS_SEARCH_USER_PATHS = NO;
				CLANG_ANALYZER_NONNULL = YES;
				CLANG_ANALYZER_NUMBER_OBJECT_CONVERSION = YES_AGGRESSIVE;
				CLANG_CXX_LANGUAGE_STANDARD = "gnu++14";
				CLANG_CXX_LIBRARY = "libc++";
				CLANG_ENABLE_MODULES = YES;
				CLANG_ENABLE_OBJC_ARC = YES;
				CLANG_WARN_BLOCK_CAPTURE_AUTORELEASING = YES;
				CLANG_WARN_BOOL_CONVERSION = YES;
				CLANG_WARN_COMMA = YES;
				CLANG_WARN_CONSTANT_CONVERSION = YES;
				CLANG_WARN_DIRECT_OBJC_ISA_USAGE = YES_ERROR;
				CLANG_WARN_DOCUMENTATION_COMMENTS = YES;
				CLANG_WARN_EMPTY_BODY = YES;
				CLANG_WARN_ENUM_CONVERSION = YES;
				CLANG_WARN_INFINITE_RECURSION = YES;
				CLANG_WARN_INT_CONVERSION = YES;
				CLANG_WARN_NON_LITERAL_NULL_CONVERSION = YES;
				CLANG_WARN_OBJC_LITERAL_CONVERSION = YES;
				CLANG_WARN_OBJC_ROOT_CLASS = YES_ERROR;
				CLANG_WARN_RANGE_LOOP_ANALYSIS = YES;
				CLANG_WARN_STRICT_PROTOTYPES = YES;
				CLANG_WARN_SUSPICIOUS_MOVE = YES;
				CLANG_WARN_UNGUARDED_AVAILABILITY = YES_AGGRESSIVE;
				CLANG_WARN_UNREACHABLE_CODE = YES;
				CLANG_WARN__DUPLICATE_METHOD_MATCH = YES;
				CODE_SIGN_IDENTITY = "iPhone Developer";
				COPY_PHASE_STRIP = NO;
				DEBUG_INFORMATION_FORMAT = dwarf;
				ENABLE_STRICT_OBJC_MSGSEND = YES;
				ENABLE_TESTABILITY = YES;
				GCC_C_LANGUAGE_STANDARD = gnu11;
				GCC_DYNAMIC_NO_PIC = NO;
				GCC_NO_COMMON_BLOCKS = YES;
				GCC_OPTIMIZATION_LEVEL = 0;
				GCC_PREPROCESSOR_DEFINITIONS = (
					"DEBUG=1",
					"$(inherited)",
				);
				GCC_WARN_64_TO_32_BIT_CONVERSION = YES;
				GCC_WARN_ABOUT_RETURN_TYPE = YES_ERROR;
				GCC_WARN_UNDECLARED_SELECTOR = YES;
				GCC_WARN_UNINITIALIZED_AUTOS = YES_AGGRESSIVE;
				GCC_WARN_UNUSED_FUNCTION = YES;
				GCC_WARN_UNUSED_VARIABLE = YES;
				IPHONEOS_DEPLOYMENT_TARGET = 11.2;
				MTL_ENABLE_DEBUG_INFO = YES;
				ONLY_ACTIVE_ARCH = YES;
				SDKROOT = iphoneos;
				SWIFT_ACTIVE_COMPILATION_CONDITIONS = DEBUG;
				SWIFT_OPTIMIZATION_LEVEL = "-Onone";
			};
			name = Debug;
		};
		602B2D1C1FE2CB9200F88980 /* Release */ = {
			isa = XCBuildConfiguration;
			buildSettings = {
				ALWAYS_SEARCH_USER_PATHS = NO;
				CLANG_ANALYZER_NONNULL = YES;
				CLANG_ANALYZER_NUMBER_OBJECT_CONVERSION = YES_AGGRESSIVE;
				CLANG_CXX_LANGUAGE_STANDARD = "gnu++14";
				CLANG_CXX_LIBRARY = "libc++";
				CLANG_ENABLE_MODULES = YES;
				CLANG_ENABLE_OBJC_ARC = YES;
				CLANG_WARN_BLOCK_CAPTURE_AUTORELEASING = YES;
				CLANG_WARN_BOOL_CONVERSION = YES;
				CLANG_WARN_COMMA = YES;
				CLANG_WARN_CONSTANT_CONVERSION = YES;
				CLANG_WARN_DIRECT_OBJC_ISA_USAGE = YES_ERROR;
				CLANG_WARN_DOCUMENTATION_COMMENTS = YES;
				CLANG_WARN_EMPTY_BODY = YES;
				CLANG_WARN_ENUM_CONVERSION = YES;
				CLANG_WARN_INFINITE_RECURSION = YES;
				CLANG_WARN_INT_CONVERSION = YES;
				CLANG_WARN_NON_LITERAL_NULL_CONVERSION = YES;
				CLANG_WARN_OBJC_LITERAL_CONVERSION = YES;
				CLANG_WARN_OBJC_ROOT_CLASS = YES_ERROR;
				CLANG_WARN_RANGE_LOOP_ANALYSIS = YES;
				CLANG_WARN_STRICT_PROTOTYPES = YES;
				CLANG_WARN_SUSPICIOUS_MOVE = YES;
				CLANG_WARN_UNGUARDED_AVAILABILITY = YES_AGGRESSIVE;
				CLANG_WARN_UNREACHABLE_CODE = YES;
				CLANG_WARN__DUPLICATE_METHOD_MATCH = YES;
				CODE_SIGN_IDENTITY = "iPhone Developer";
				COPY_PHASE_STRIP = NO;
				DEBUG_INFORMATION_FORMAT = "dwarf-with-dsym";
				ENABLE_NS_ASSERTIONS = NO;
				ENABLE_STRICT_OBJC_MSGSEND = YES;
				GCC_C_LANGUAGE_STANDARD = gnu11;
				GCC_NO_COMMON_BLOCKS = YES;
				GCC_WARN_64_TO_32_BIT_CONVERSION = YES;
				GCC_WARN_ABOUT_RETURN_TYPE = YES_ERROR;
				GCC_WARN_UNDECLARED_SELECTOR = YES;
				GCC_WARN_UNINITIALIZED_AUTOS = YES_AGGRESSIVE;
				GCC_WARN_UNUSED_FUNCTION = YES;
				GCC_WARN_UNUSED_VARIABLE = YES;
				IPHONEOS_DEPLOYMENT_TARGET = 11.2;
				MTL_ENABLE_DEBUG_INFO = NO;
				SDKROOT = iphoneos;
				SWIFT_OPTIMIZATION_LEVEL = "-Owholemodule";
				VALIDATE_PRODUCT = YES;
			};
			name = Release;
		};
		602B2D1E1FE2CB9200F88980 /* Debug */ = {
			isa = XCBuildConfiguration;
			buildSettings = {
				ASSETCATALOG_COMPILER_APPICON_NAME = AppIcon;
				CODE_SIGN_STYLE = Automatic;
				DEVELOPMENT_TEAM = J8NY8ETB7R;
				INFOPLIST_FILE = JetApp/Info.plist;
				LD_RUNPATH_SEARCH_PATHS = "$(inherited) @executable_path/Frameworks";
				PRODUCT_BUNDLE_IDENTIFIER = JetApps.JetApp;
				PRODUCT_NAME = "$(TARGET_NAME)";
				SWIFT_VERSION = 4.0;
				TARGETED_DEVICE_FAMILY = "1,2";
			};
			name = Debug;
		};
		602B2D1F1FE2CB9200F88980 /* Release */ = {
			isa = XCBuildConfiguration;
			buildSettings = {
				ASSETCATALOG_COMPILER_APPICON_NAME = AppIcon;
				CODE_SIGN_STYLE = Automatic;
				DEVELOPMENT_TEAM = J8NY8ETB7R;
				INFOPLIST_FILE = JetApp/Info.plist;
				LD_RUNPATH_SEARCH_PATHS = "$(inherited) @executable_path/Frameworks";
				PRODUCT_BUNDLE_IDENTIFIER = JetApps.JetApp;
				PRODUCT_NAME = "$(TARGET_NAME)";
				SWIFT_VERSION = 4.0;
				TARGETED_DEVICE_FAMILY = "1,2";
			};
			name = Release;
		};
		602B2D211FE2CB9200F88980 /* Debug */ = {
			isa = XCBuildConfiguration;
			buildSettings = {
				ALWAYS_EMBED_SWIFT_STANDARD_LIBRARIES = YES;
				BUNDLE_LOADER = "$(TEST_HOST)";
				CODE_SIGN_STYLE = Automatic;
				DEVELOPMENT_TEAM = J8NY8ETB7R;
				INFOPLIST_FILE = JetAppTests/Info.plist;
				LD_RUNPATH_SEARCH_PATHS = "$(inherited) @executable_path/Frameworks @loader_path/Frameworks";
				PRODUCT_BUNDLE_IDENTIFIER = JetApps.JetAppTests;
				PRODUCT_NAME = "$(TARGET_NAME)";
				SWIFT_VERSION = 4.0;
				TARGETED_DEVICE_FAMILY = "1,2";
				TEST_HOST = "$(BUILT_PRODUCTS_DIR)/JetApp.app/JetApp";
			};
			name = Debug;
		};
		602B2D221FE2CB9200F88980 /* Release */ = {
			isa = XCBuildConfiguration;
			buildSettings = {
				ALWAYS_EMBED_SWIFT_STANDARD_LIBRARIES = YES;
				BUNDLE_LOADER = "$(TEST_HOST)";
				CODE_SIGN_STYLE = Automatic;
				DEVELOPMENT_TEAM = J8NY8ETB7R;
				INFOPLIST_FILE = JetAppTests/Info.plist;
				LD_RUNPATH_SEARCH_PATHS = "$(inherited) @executable_path/Frameworks @loader_path/Frameworks";
				PRODUCT_BUNDLE_IDENTIFIER = JetApps.JetAppTests;
				PRODUCT_NAME = "$(TARGET_NAME)";
				SWIFT_VERSION = 4.0;
				TARGETED_DEVICE_FAMILY = "1,2";
				TEST_HOST = "$(BUILT_PRODUCTS_DIR)/JetApp.app/JetApp";
			};
			name = Release;
		};
		602B2D241FE2CB9200F88980 /* Debug */ = {
			isa = XCBuildConfiguration;
			buildSettings = {
				ALWAYS_EMBED_SWIFT_STANDARD_LIBRARIES = YES;
				CODE_SIGN_STYLE = Automatic;
				DEVELOPMENT_TEAM = J8NY8ETB7R;
				INFOPLIST_FILE = JetAppUITests/Info.plist;
				LD_RUNPATH_SEARCH_PATHS = "$(inherited) @executable_path/Frameworks @loader_path/Frameworks";
				PRODUCT_BUNDLE_IDENTIFIER = JetApps.JetAppUITests;
				PRODUCT_NAME = "$(TARGET_NAME)";
				SWIFT_VERSION = 4.0;
				TARGETED_DEVICE_FAMILY = "1,2";
				TEST_TARGET_NAME = JetApp;
			};
			name = Debug;
		};
		602B2D251FE2CB9200F88980 /* Release */ = {
			isa = XCBuildConfiguration;
			buildSettings = {
				ALWAYS_EMBED_SWIFT_STANDARD_LIBRARIES = YES;
				CODE_SIGN_STYLE = Automatic;
				DEVELOPMENT_TEAM = J8NY8ETB7R;
				INFOPLIST_FILE = JetAppUITests/Info.plist;
				LD_RUNPATH_SEARCH_PATHS = "$(inherited) @executable_path/Frameworks @loader_path/Frameworks";
				PRODUCT_BUNDLE_IDENTIFIER = JetApps.JetAppUITests;
				PRODUCT_NAME = "$(TARGET_NAME)";
				SWIFT_VERSION = 4.0;
				TARGETED_DEVICE_FAMILY = "1,2";
				TEST_TARGET_NAME = JetApp;
			};
			name = Release;
		};
/* End XCBuildConfiguration section */

/* Begin XCConfigurationList section */
		602B2CF01FE2CB7300F88980 /* Build configuration list for PBXProject "JetApp" */ = {
			isa = XCConfigurationList;
			buildConfigurations = (
				602B2D1B1FE2CB9200F88980 /* Debug */,
				602B2D1C1FE2CB9200F88980 /* Release */,
			);
			defaultConfigurationIsVisible = 0;
			defaultConfigurationName = Release;
		};
		602B2D1D1FE2CB9200F88980 /* Build configuration list for PBXNativeTarget "JetApp" */ = {
			isa = XCConfigurationList;
			buildConfigurations = (
				602B2D1E1FE2CB9200F88980 /* Debug */,
				602B2D1F1FE2CB9200F88980 /* Release */,
			);
			defaultConfigurationIsVisible = 0;
			defaultConfigurationName = Release;
		};
		602B2D201FE2CB9200F88980 /* Build configuration list for PBXNativeTarget "JetAppTests" */ = {
			isa = XCConfigurationList;
			buildConfigurations = (
				602B2D211FE2CB9200F88980 /* Debug */,
				602B2D221FE2CB9200F88980 /* Release */,
			);
			defaultConfigurationIsVisible = 0;
			defaultConfigurationName = Release;
		};
		602B2D231FE2CB9200F88980 /* Build configuration list for PBXNativeTarget "JetAppUITests" */ = {
			isa = XCConfigurationList;
			buildConfigurations = (
				602B2D241FE2CB9200F88980 /* Debug */,
				602B2D251FE2CB9200F88980 /* Release */,
			);
			defaultConfigurationIsVisible = 0;
			defaultConfigurationName = Release;
		};
/* End XCConfigurationList section */
	};
	rootObject = 602B2CED1FE2CB7300F88980 /* Project object */;
}
